github.com/healthy-tiger/scalc v0.0.0-20190926140526-90af652f5f70 h1:ModNfEOnqSyqmAWnz/Q4+Vl+SPVmAsbbvW9xvXgk1Jc=
github.com/healthy-tiger/scalc/parser v0.0.0-20190924145222-085d33f01512 h1:lbMZrVoccuSIOFOkfNB9cyr5yy87ePwlkX3Z0fPL2NU=
github.com/healthy-tiger/scalc/parser v0.0.0-20190924145222-085d33f01512/go.mod h1:ebRsZ4hbuCZw0QC9BHij73kHorGy7nSoglB7fyRVIgA=
